PODS:
  - Alamofire (5.2.2)
  - SDWebImage (5.11.1):
    - SDWebImage/Core (= 5.11.1)
  - SDWebImage/Core (5.11.1)
  - SKActivityIndicatorView (1.0.0)

DEPENDENCIES:
  - Alamofire
  - SDWebImage
  - SKActivityIndicatorView (~> 1.0.0)

SPEC REPOS:
  trunk:
    - Alamofire
    - SDWebImage
    - SKActivityIndicatorView

SPEC CHECKSUMS:
  Alamofire: 814429acc853c6c54ff123fc3d2ef66803823ce0
  SDWebImage: a7f831e1a65eb5e285e3fb046a23fcfbf08e696d
  SKActivityIndicatorView: 81c123380127ad497f9b57cd4d11347e40ab3427

PODFILE CHECKSUM: 9f26a293d9dfb395460588e0f1ba5fe7ec413ba7

COCOAPODS: 1.9.3
